
Microsoft Visual Studio Solution File, Format Version 9.00
# Visual Studio 2005
Project("{FAE04EC0-301F-11D3-BF4B-00C04F79EFBC}") = "wiki_data_preparator", "wiki_data_preparator\wiki_data_preparator.csproj", "{47E68C4C-F8B6-40C1-B22B-0239D44A87FB}"
EndProject
Global
	GlobalSection(SolutionConfigurationPlatforms) = preSolution
		Debug|Any CPU = Debug|Any CPU
		Release|Any CPU = Release|Any CPU
	EndGlobalSection
	GlobalSection(ProjectConfigurationPlatforms) = postSolution
		{47E68C4C-F8B6-40C1-B22B-0239D44A87FB}.Debug|Any CPU.ActiveCfg = Debug|Any CPU
		{47E68C4C-F8B6-40C1-B22B-0239D44A87FB}.Debug|Any CPU.Build.0 = Debug|Any CPU
		{47E68C4C-F8B6-40C1-B22B-0239D44A87FB}.Release|Any CPU.ActiveCfg = Release|Any CPU
		{47E68C4C-F8B6-40C1-B22B-0239D44A87FB}.Release|Any CPU.Build.0 = Release|Any CPU
	EndGlobalSection
	GlobalSection(SolutionProperties) = preSolution
		HideSolutionNode = FALSE
	EndGlobalSection
EndGlobal
